{
    "_meta": {
        "hash": {
            "sha256": "7c11b294e7b9089dcdb9ebee3d2749c2bde2459726fb54b650c262d3f7457a3a"
        },
        "pipfile-spec": 6,
        "requires": {
            "python_version": "*"
        },
        "sources": [
            {
                "name": "pypi",
                "url": "https://pypi.org/simple",
                "verify_ssl": true
            }
        ]
    },
    "default": {
        "sqlparse": {
            "hashes": [
                "sha256:5430a4fe2ac7d0f93e66f1efc6e1338a41884b7ddf2a350cedd20ccc4d9d28f3",
                "sha256:d446183e84b8349fa3061f0fe7f06ca94ba65b426946ffebe6e3e8295332420c"
            ],
            "index": "aliyun",
            "version": "==0.4.4"
        }
    },
    "develop": {}
}
